
Microsoft Visual Studio Solution File, Format Version 12.00
# Visual Studio 15
VisualStudioVersion = 15.0.27703.2047
MinimumVisualStudioVersion = 10.0.40219.1
Project("{FAE04EC0-301F-11D3-BF4B-00C04F79EFBC}") = "switch case", "switch case\switch case.csproj", "{247A0D80-B7D6-408D-9018-E7902318B876}"
EndProject
Global
	GlobalSection(SolutionConfigurationPlatforms) = preSolution
		Debug|Any CPU = Debug|Any CPU
		Release|Any CPU = Release|Any CPU
	EndGlobalSection
	GlobalSection(ProjectConfigurationPlatforms) = postSolution
		{247A0D80-B7D6-408D-9018-E7902318B876}.Debug|Any CPU.ActiveCfg = Debug|Any CPU
		{247A0D80-B7D6-408D-9018-E7902318B876}.Debug|Any CPU.Build.0 = Debug|Any CPU
		{247A0D80-B7D6-408D-9018-E7902318B876}.Release|Any CPU.ActiveCfg = Release|Any CPU
		{247A0D80-B7D6-408D-9018-E7902318B876}.Release|Any CPU.Build.0 = Release|Any CPU
	EndGlobalSection
	GlobalSection(SolutionProperties) = preSolution
		HideSolutionNode = FALSE
	EndGlobalSection
	GlobalSection(ExtensibilityGlobals) = postSolution
		SolutionGuid = {1B4622D0-6868-4C56-A087-F690F4926E82}
	EndGlobalSection
EndGlobal
