
Microsoft Visual Studio Solution File, Format Version 12.00
# Visual Studio 15
VisualStudioVersion = 15.0.27703.2047
MinimumVisualStudioVersion = 10.0.40219.1
Project("{FAE04EC0-301F-11D3-BF4B-00C04F79EFBC}") = "confirm", "confirm\confirm.csproj", "{B8632B82-004C-4ADA-87D0-94CA1C67037A}"
EndProject
Global
	GlobalSection(SolutionConfigurationPlatforms) = preSolution
		Debug|Any CPU = Debug|Any CPU
		Release|Any CPU = Release|Any CPU
	EndGlobalSection
	GlobalSection(ProjectConfigurationPlatforms) = postSolution
		{B8632B82-004C-4ADA-87D0-94CA1C67037A}.Debug|Any CPU.ActiveCfg = Debug|Any CPU
		{B8632B82-004C-4ADA-87D0-94CA1C67037A}.Debug|Any CPU.Build.0 = Debug|Any CPU
		{B8632B82-004C-4ADA-87D0-94CA1C67037A}.Release|Any CPU.ActiveCfg = Release|Any CPU
		{B8632B82-004C-4ADA-87D0-94CA1C67037A}.Release|Any CPU.Build.0 = Release|Any CPU
	EndGlobalSection
	GlobalSection(SolutionProperties) = preSolution
		HideSolutionNode = FALSE
	EndGlobalSection
	GlobalSection(ExtensibilityGlobals) = postSolution
		SolutionGuid = {870259C7-C869-4128-BD58-007AA1B2CB09}
	EndGlobalSection
EndGlobal
