
Microsoft Visual Studio Solution File, Format Version 12.00
# Visual Studio 15
VisualStudioVersion = 15.0.27703.2047
MinimumVisualStudioVersion = 10.0.40219.1
Project("{FAE04EC0-301F-11D3-BF4B-00C04F79EFBC}") = "select arrayclss", "select arrayclss\select arrayclss.csproj", "{DC92E71A-B965-48ED-8409-282B4420D2B5}"
EndProject
Global
	GlobalSection(SolutionConfigurationPlatforms) = preSolution
		Debug|Any CPU = Debug|Any CPU
		Release|Any CPU = Release|Any CPU
	EndGlobalSection
	GlobalSection(ProjectConfigurationPlatforms) = postSolution
		{DC92E71A-B965-48ED-8409-282B4420D2B5}.Debug|Any CPU.ActiveCfg = Debug|Any CPU
		{DC92E71A-B965-48ED-8409-282B4420D2B5}.Debug|Any CPU.Build.0 = Debug|Any CPU
		{DC92E71A-B965-48ED-8409-282B4420D2B5}.Release|Any CPU.ActiveCfg = Release|Any CPU
		{DC92E71A-B965-48ED-8409-282B4420D2B5}.Release|Any CPU.Build.0 = Release|Any CPU
	EndGlobalSection
	GlobalSection(SolutionProperties) = preSolution
		HideSolutionNode = FALSE
	EndGlobalSection
	GlobalSection(ExtensibilityGlobals) = postSolution
		SolutionGuid = {F6065024-4710-4B80-92C8-95A1A68FC442}
	EndGlobalSection
EndGlobal
