
Microsoft Visual Studio Solution File, Format Version 12.00
# Visual Studio 15
VisualStudioVersion = 15.0.27703.2047
MinimumVisualStudioVersion = 10.0.40219.1
Project("{FAE04EC0-301F-11D3-BF4B-00C04F79EFBC}") = "loop if else", "loop if else\loop if else.csproj", "{20AA91C6-C2D7-44A8-A58A-EC596EC86CA4}"
EndProject
Global
	GlobalSection(SolutionConfigurationPlatforms) = preSolution
		Debug|Any CPU = Debug|Any CPU
		Release|Any CPU = Release|Any CPU
	EndGlobalSection
	GlobalSection(ProjectConfigurationPlatforms) = postSolution
		{20AA91C6-C2D7-44A8-A58A-EC596EC86CA4}.Debug|Any CPU.ActiveCfg = Debug|Any CPU
		{20AA91C6-C2D7-44A8-A58A-EC596EC86CA4}.Debug|Any CPU.Build.0 = Debug|Any CPU
		{20AA91C6-C2D7-44A8-A58A-EC596EC86CA4}.Release|Any CPU.ActiveCfg = Release|Any CPU
		{20AA91C6-C2D7-44A8-A58A-EC596EC86CA4}.Release|Any CPU.Build.0 = Release|Any CPU
	EndGlobalSection
	GlobalSection(SolutionProperties) = preSolution
		HideSolutionNode = FALSE
	EndGlobalSection
	GlobalSection(ExtensibilityGlobals) = postSolution
		SolutionGuid = {1F912B99-A9FB-434C-9DD8-0513E9DEF6BC}
	EndGlobalSection
EndGlobal
